// !$*UTF8*$!
{
	archiveVersion = 1;
	classes = {
	};
	objectVersion = 48;
	objects = {

/* Begin PBXBuildFile section */
		394128791F81E03C00DD63B1 /* AppDelegate.m in Sources */ = {isa = PBXBuildFile; fileRef = 394128781F81E03C00DD63B1 /* AppDelegate.m */; };
		3941287C1F81E03C00DD63B1 /* ViewController.m in Sources */ = {isa = PBXBuildFile; fileRef = 3941287B1F81E03C00DD63B1 /* ViewController.m */; };
		3941287F1F81E03C00DD63B1 /* Main.storyboard in Resources */ = {isa = PBXBuildFile; fileRef = 3941287D1F81E03C00DD63B1 /* Main.storyboard */; };
		394128811F81E03C00DD63B1 /* Assets.xcassets in Resources */ = {isa = PBXBuildFile; fileRef = 394128801F81E03C00DD63B1 /* Assets.xcassets */; };
		394128841F81E03C00DD63B1 /* LaunchScreen.storyboard in Resources */ = {isa = PBXBuildFile; fileRef = 394128821F81E03C00DD63B1 /* LaunchScreen.storyboard */; };
		394128871F81E03C00DD63B1 /* main.m in Sources */ = {isa = PBXBuildFile; fileRef = 394128861F81E03C00DD63B1 /* main.m */; };
		3941288F1F81E06400DD63B1 /* CM.m in Sources */ = {isa = PBXBuildFile; fileRef = 3941288E1F81E06400DD63B1 /* CM.m */; };
		394128921F81E31500DD63B1 /* NSObject+CalculatorMaker.m in Sources */ = {isa = PBXBuildFile; fileRef = 394128911F81E31500DD63B1 /* NSObject+CalculatorMaker.m */; };
/* End PBXBuildFile section */

/* Begin PBXFileReference section */
		394128741F81E03C00DD63B1 /* 链式编程Demo.app */ = {isa = PBXFileReference; explicitFileType = wrapper.application; includeInIndex = 0; path = "链式编程Demo.app"; sourceTree = BUILT_PRODUCTS_DIR; };
		394128771F81E03C00DD63B1 /* AppDelegate.h */ = {isa = PBXFileReference; lastKnownFileType = sourcecode.c.h; path = AppDelegate.h; sourceTree = "<group>"; };
		394128781F81E03C00DD63B1 /* AppDelegate.m */ = {isa = PBXFileReference; lastKnownFileType = sourcecode.c.objc; path = AppDelegate.m; sourceTree = "<group>"; };
		3941287A1F81E03C00DD63B1 /* ViewController.h */ = {isa = PBXFileReference; lastKnownFileType = sourcecode.c.h; path = ViewController.h; sourceTree = "<group>"; };
		3941287B1F81E03C00DD63B1 /* ViewController.m */ = {isa = PBXFileReference; lastKnownFileType = sourcecode.c.objc; path = ViewController.m; sourceTree = "<group>"; };
		3941287E1F81E03C00DD63B1 /* Base */ = {isa = PBXFileReference; lastKnownFileType = file.storyboard; name = Base; path = Base.lproj/Main.storyboard; sourceTree = "<group>"; };
		394128801F81E03C00DD63B1 /* Assets.xcassets */ = {isa = PBXFileReference; lastKnownFileType = folder.assetcatalog; path = Assets.xcassets; sourceTree = "<group>"; };
		394128831F81E03C00DD63B1 /* Base */ = {isa = PBXFileReference; lastKnownFileType = file.storyboard; name = Base; path = Base.lproj/LaunchScreen.storyboard; sourceTree = "<group>"; };
		394128851F81E03C00DD63B1 /* Info.plist */ = {isa = PBXFileReference; lastKnownFileType = text.plist.xml; path = Info.plist; sourceTree = "<group>"; };
		394128861F81E03C00DD63B1 /* main.m */ = {isa = PBXFileReference; lastKnownFileType = sourcecode.c.objc; path = main.m; sourceTree = "<group>"; };
		3941288D1F81E06400DD63B1 /* CM.h */ = {isa = PBXFileReference; lastKnownFileType = sourcecode.c.h; path = CM.h; sourceTree = "<group>"; };
		3941288E1F81E06400DD63B1 /* CM.m */ = {isa = PBXFileReference; lastKnownFileType = sourcecode.c.objc; path = CM.m; sourceTree = "<group>"; };
		394128901F81E31500DD63B1 /* NSObject+CalculatorMaker.h */ = {isa = PBXFileReference; lastKnownFileType = sourcecode.c.h; path = "NSObject+CalculatorMaker.h"; sourceTree = "<group>"; };
		394128911F81E31500DD63B1 /* NSObject+CalculatorMaker.m */ = {isa = PBXFileReference; lastKnownFileType = sourcecode.c.objc; path = "NSObject+CalculatorMaker.m"; sourceTree = "<group>"; };
/* End PBXFileReference section */

/* Begin PBXFrameworksBuildPhase section */
		394128711F81E03C00DD63B1 /* Frameworks */ = {
			isa = PBXFrameworksBuildPhase;
			buildActionMask = 2147483647;
			files = (
			);
			runOnlyForDeploymentPostprocessing = 0;
		};
/* End PBXFrameworksBuildPhase section */

/* Begin PBXGroup section */
		3941286B1F81E03C00DD63B1 = {
			isa = PBXGroup;
			children = (
				394128761F81E03C00DD63B1 /* 链式编程Demo */,
				394128751F81E03C00DD63B1 /* Products */,
			);
			sourceTree = "<group>";
		};
		394128751F81E03C00DD63B1 /* Products */ = {
			isa = PBXGroup;
			children = (
				394128741F81E03C00DD63B1 /* 链式编程Demo.app */,
			);
			name = Products;
			sourceTree = "<group>";
		};
		394128761F81E03C00DD63B1 /* 链式编程Demo */ = {
			isa = PBXGroup;
			children = (
				394128771F81E03C00DD63B1 /* AppDelegate.h */,
				394128781F81E03C00DD63B1 /* AppDelegate.m */,
				3941287A1F81E03C00DD63B1 /* ViewController.h */,
				3941287B1F81E03C00DD63B1 /* ViewController.m */,
				3941287D1F81E03C00DD63B1 /* Main.storyboard */,
				394128801F81E03C00DD63B1 /* Assets.xcassets */,
				394128821F81E03C00DD63B1 /* LaunchScreen.storyboard */,
				394128851F81E03C00DD63B1 /* Info.plist */,
				394128861F81E03C00DD63B1 /* main.m */,
				394128901F81E31500DD63B1 /* NSObject+CalculatorMaker.h */,
				394128911F81E31500DD63B1 /* NSObject+CalculatorMaker.m */,
				3941288D1F81E06400DD63B1 /* CM.h */,
				3941288E1F81E06400DD63B1 /* CM.m */,
			);
			path = "链式编程Demo";
			sourceTree = "<group>";
		};
/* End PBXGroup section */

/* Begin PBXNativeTarget section */
		394128731F81E03C00DD63B1 /* 链式编程Demo */ = {
			isa = PBXNativeTarget;
			buildConfigurationList = 3941288A1F81E03C00DD63B1 /* Build configuration list for PBXNativeTarget "链式编程Demo" */;
			buildPhases = (
				394128701F81E03C00DD63B1 /* Sources */,
				394128711F81E03C00DD63B1 /* Frameworks */,
				394128721F81E03C00DD63B1 /* Resources */,
			);
			buildRules = (
			);
			dependencies = (
			);
			name = "链式编程Demo";
			productName = "链式编程Demo";
			productReference = 394128741F81E03C00DD63B1 /* 链式编程Demo.app */;
			productType = "com.apple.product-type.application";
		};
/* End PBXNativeTarget section */

/* Begin PBXProject section */
		3941286C1F81E03C00DD63B1 /* Project object */ = {
			isa = PBXProject;
			attributes = {
				LastUpgradeCheck = 0900;
				ORGANIZATIONNAME = "徐涛";
				TargetAttributes = {
					394128731F81E03C00DD63B1 = {
						CreatedOnToolsVersion = 9.0;
						ProvisioningStyle = Automatic;
					};
				};
			};
			buildConfigurationList = 3941286F1F81E03C00DD63B1 /* Build configuration list for PBXProject "链式编程Demo" */;
			compatibilityVersion = "Xcode 8.0";
			developmentRegion = en;
			hasScannedForEncodings = 0;
			knownRegions = (
				en,
				Base,
			);
			mainGroup = 3941286B1F81E03C00DD63B1;
			productRefGroup = 394128751F81E03C00DD63B1 /* Products */;
			projectDirPath = "";
			projectRoot = "";
			targets = (
				394128731F81E03C00DD63B1 /* 链式编程Demo */,
			);
		};
/* End PBXProject section */

/* Begin PBXResourcesBuildPhase section */
		394128721F81E03C00DD63B1 /* Resources */ = {
			isa = PBXResourcesBuildPhase;
			buildActionMask = 2147483647;
			files = (
				394128841F81E03C00DD63B1 /* LaunchScreen.storyboard in Resources */,
				394128811F81E03C00DD63B1 /* Assets.xcassets in Resources */,
				3941287F1F81E03C00DD63B1 /* Main.storyboard in Resources */,
			);
			runOnlyForDeploymentPostprocessing = 0;
		};
/* End PBXResourcesBuildPhase section */

/* Begin PBXSourcesBuildPhase section */
		394128701F81E03C00DD63B1 /* Sources */ = {
			isa = PBXSourcesBuildPhase;
			buildActionMask = 2147483647;
			files = (
				394128921F81E31500DD63B1 /* NSObject+CalculatorMaker.m in Sources */,
				3941287C1F81E03C00DD63B1 /* ViewController.m in Sources */,
				394128871F81E03C00DD63B1 /* main.m in Sources */,
				394128791F81E03C00DD63B1 /* AppDelegate.m in Sources */,
				3941288F1F81E06400DD63B1 /* CM.m in Sources */,
			);
			runOnlyForDeploymentPostprocessing = 0;
		};
/* End PBXSourcesBuildPhase section */

/* Begin PBXVariantGroup section */
		3941287D1F81E03C00DD63B1 /* Main.storyboard */ = {
			isa = PBXVariantGroup;
			children = (
				3941287E1F81E03C00DD63B1 /* Base */,
			);
			name = Main.storyboard;
			sourceTree = "<group>";
		};
		394128821F81E03C00DD63B1 /* LaunchScreen.storyboard */ = {
			isa = PBXVariantGroup;
			children = (
				394128831F81E03C00DD63B1 /* Base */,
			);
			name = LaunchScreen.storyboard;
			sourceTree = "<group>";
		};
/* End PBXVariantGroup section */

/* Begin XCBuildConfiguration section */
		394128881F81E03C00DD63B1 /* Debug */ = {
			isa = XCBuildConfiguration;
			buildSettings = {
				ALWAYS_SEARCH_USER_PATHS = NO;
				CLANG_ANALYZER_NONNULL = YES;
				CLANG_ANALYZER_NUMBER_OBJECT_CONVERSION = YES_AGGRESSIVE;
				CLANG_CXX_LANGUAGE_STANDARD = "gnu++14";
				CLANG_CXX_LIBRARY = "libc++";
				CLANG_ENABLE_MODULES = YES;
				CLANG_ENABLE_OBJC_ARC = YES;
				CLANG_WARN_BLOCK_CAPTURE_AUTORELEASING = YES;
				CLANG_WARN_BOOL_CONVERSION = YES;
				CLANG_WARN_COMMA = YES;
				CLANG_WARN_CONSTANT_CONVERSION = YES;
				CLANG_WARN_DIRECT_OBJC_ISA_USAGE = YES_ERROR;
				CLANG_WARN_DOCUMENTATION_COMMENTS = YES;
				CLANG_WARN_EMPTY_BODY = YES;
				CLANG_WARN_ENUM_CONVERSION = YES;
				CLANG_WARN_INFINITE_RECURSION = YES;
				CLANG_WARN_INT_CONVERSION = YES;
				CLANG_WARN_NON_LITERAL_NULL_CONVERSION = YES;
				CLANG_WARN_OBJC_LITERAL_CONVERSION = YES;
				CLANG_WARN_OBJC_ROOT_CLASS = YES_ERROR;
				CLANG_WARN_RANGE_LOOP_ANALYSIS = YES;
				CLANG_WARN_STRICT_PROTOTYPES = YES;
				CLANG_WARN_SUSPICIOUS_MOVE = YES;
				CLANG_WARN_UNGUARDED_AVAILABILITY = YES_AGGRESSIVE;
				CLANG_WARN_UNREACHABLE_CODE = YES;
				CLANG_WARN__DUPLICATE_METHOD_MATCH = YES;
				CODE_SIGN_IDENTITY = "iPhone Developer";
				COPY_PHASE_STRIP = NO;
				DEBUG_INFORMATION_FORMAT = dwarf;
				ENABLE_STRICT_OBJC_MSGSEND = YES;
				ENABLE_TESTABILITY = YES;
				GCC_C_LANGUAGE_STANDARD = gnu11;
				GCC_DYNAMIC_NO_PIC = NO;
				GCC_NO_COMMON_BLOCKS = YES;
				GCC_OPTIMIZATION_LEVEL = 0;
				GCC_PREPROCESSOR_DEFINITIONS = (
					"DEBUG=1",
					"$(inherited)",
				);
				GCC_WARN_64_TO_32_BIT_CONVERSION = YES;
				GCC_WARN_ABOUT_RETURN_TYPE = YES_ERROR;
				GCC_WARN_UNDECLARED_SELECTOR = YES;
				GCC_WARN_UNINITIALIZED_AUTOS = YES_AGGRESSIVE;
				GCC_WARN_UNUSED_FUNCTION = YES;
				GCC_WARN_UNUSED_VARIABLE = YES;
				IPHONEOS_DEPLOYMENT_TARGET = 11.0;
				MTL_ENABLE_DEBUG_INFO = YES;
				ONLY_ACTIVE_ARCH = YES;
				SDKROOT = iphoneos;
			};
			name = Debug;
		};
		394128891F81E03C00DD63B1 /* Release */ = {
			isa = XCBuildConfiguration;
			buildSettings = {
				ALWAYS_SEARCH_USER_PATHS = NO;
				CLANG_ANALYZER_NONNULL = YES;
				CLANG_ANALYZER_NUMBER_OBJECT_CONVERSION = YES_AGGRESSIVE;
				CLANG_CXX_LANGUAGE_STANDARD = "gnu++14";
				CLANG_CXX_LIBRARY = "libc++";
				CLANG_ENABLE_MODULES = YES;
				CLANG_ENABLE_OBJC_ARC = YES;
				CLANG_WARN_BLOCK_CAPTURE_AUTORELEASING = YES;
				CLANG_WARN_BOOL_CONVERSION = YES;
				CLANG_WARN_COMMA = YES;
				CLANG_WARN_CONSTANT_CONVERSION = YES;
				CLANG_WARN_DIRECT_OBJC_ISA_USAGE = YES_ERROR;
				CLANG_WARN_DOCUMENTATION_COMMENTS = YES;
				CLANG_WARN_EMPTY_BODY = YES;
				CLANG_WARN_ENUM_CONVERSION = YES;
				CLANG_WARN_INFINITE_RECURSION = YES;
				CLANG_WARN_INT_CONVERSION = YES;
				CLANG_WARN_NON_LITERAL_NULL_CONVERSION = YES;
				CLANG_WARN_OBJC_LITERAL_CONVERSION = YES;
				CLANG_WARN_OBJC_ROOT_CLASS = YES_ERROR;
				CLANG_WARN_RANGE_LOOP_ANALYSIS = YES;
				CLANG_WARN_STRICT_PROTOTYPES = YES;
				CLANG_WARN_SUSPICIOUS_MOVE = YES;
				CLANG_WARN_UNGUARDED_AVAILABILITY = YES_AGGRESSIVE;
				CLANG_WARN_UNREACHABLE_CODE = YES;
				CLANG_WARN__DUPLICATE_METHOD_MATCH = YES;
				CODE_SIGN_IDENTITY = "iPhone Developer";
				COPY_PHASE_STRIP = NO;
				DEBUG_INFORMATION_FORMAT = "dwarf-with-dsym";
				ENABLE_NS_ASSERTIONS = NO;
				ENABLE_STRICT_OBJC_MSGSEND = YES;
				GCC_C_LANGUAGE_STANDARD = gnu11;
				GCC_NO_COMMON_BLOCKS = YES;
				GCC_WARN_64_TO_32_BIT_CONVERSION = YES;
				GCC_WARN_ABOUT_RETURN_TYPE = YES_ERROR;
				GCC_WARN_UNDECLARED_SELECTOR = YES;
				GCC_WARN_UNINITIALIZED_AUTOS = YES_AGGRESSIVE;
				GCC_WARN_UNUSED_FUNCTION = YES;
				GCC_WARN_UNUSED_VARIABLE = YES;
				IPHONEOS_DEPLOYMENT_TARGET = 11.0;
				MTL_ENABLE_DEBUG_INFO = NO;
				SDKROOT = iphoneos;
				VALIDATE_PRODUCT = YES;
			};
			name = Release;
		};
		3941288B1F81E03C00DD63B1 /* Debug */ = {
			isa = XCBuildConfiguration;
			buildSettings = {
				ASSETCATALOG_COMPILER_APPICON_NAME = AppIcon;
				CODE_SIGN_STYLE = Automatic;
				DEVELOPMENT_TEAM = 7456M4554A;
				INFOPLIST_FILE = "链式编程Demo/Info.plist";
				LD_RUNPATH_SEARCH_PATHS = "$(inherited) @executable_path/Frameworks";
				PRODUCT_BUNDLE_IDENTIFIER = "cn.cqu.xutao.----Demo";
				PRODUCT_NAME = "$(TARGET_NAME)";
				TARGETED_DEVICE_FAMILY = "1,2";
			};
			name = Debug;
		};
		3941288C1F81E03C00DD63B1 /* Release */ = {
			isa = XCBuildConfiguration;
			buildSettings = {
				ASSETCATALOG_COMPILER_APPICON_NAME = AppIcon;
				CODE_SIGN_STYLE = Automatic;
				DEVELOPMENT_TEAM = 7456M4554A;
				INFOPLIST_FILE = "链式编程Demo/Info.plist";
				LD_RUNPATH_SEARCH_PATHS = "$(inherited) @executable_path/Frameworks";
				PRODUCT_BUNDLE_IDENTIFIER = "cn.cqu.xutao.----Demo";
				PRODUCT_NAME = "$(TARGET_NAME)";
				TARGETED_DEVICE_FAMILY = "1,2";
			};
			name = Release;
		};
/* End XCBuildConfiguration section */

/* Begin XCConfigurationList section */
		3941286F1F81E03C00DD63B1 /* Build configuration list for PBXProject "链式编程Demo" */ = {
			isa = XCConfigurationList;
			buildConfigurations = (
				394128881F81E03C00DD63B1 /* Debug */,
				394128891F81E03C00DD63B1 /* Release */,
			);
			defaultConfigurationIsVisible = 0;
			defaultConfigurationName = Release;
		};
		3941288A1F81E03C00DD63B1 /* Build configuration list for PBXNativeTarget "链式编程Demo" */ = {
			isa = XCConfigurationList;
			buildConfigurations = (
				3941288B1F81E03C00DD63B1 /* Debug */,
				3941288C1F81E03C00DD63B1 /* Release */,
			);
			defaultConfigurationIsVisible = 0;
			defaultConfigurationName = Release;
		};
/* End XCConfigurationList section */
	};
	rootObject = 3941286C1F81E03C00DD63B1 /* Project object */;
}
