// !$*UTF8*$!
{
	archiveVersion = 1;
	classes = {
	};
	objectVersion = 46;
	objects = {

/* Begin PBXBuildFile section */
		8BF217041F3608C400214F42 /* main.m in Sources */ = {isa = PBXBuildFile; fileRef = 8BF217031F3608C400214F42 /* main.m */; };
		8BF217071F3608C400214F42 /* AppDelegate.m in Sources */ = {isa = PBXBuildFile; fileRef = 8BF217061F3608C400214F42 /* AppDelegate.m */; };
		8BF2170A1F3608C400214F42 /* ViewController.m in Sources */ = {isa = PBXBuildFile; fileRef = 8BF217091F3608C400214F42 /* ViewController.m */; };
		8BF2170D1F3608C400214F42 /* Main.storyboard in Resources */ = {isa = PBXBuildFile; fileRef = 8BF2170B1F3608C400214F42 /* Main.storyboard */; };
		8BF2170F1F3608C400214F42 /* Assets.xcassets in Resources */ = {isa = PBXBuildFile; fileRef = 8BF2170E1F3608C400214F42 /* Assets.xcassets */; };
		8BF217121F3608C400214F42 /* LaunchScreen.storyboard in Resources */ = {isa = PBXBuildFile; fileRef = 8BF217101F3608C400214F42 /* LaunchScreen.storyboard */; };
		8BF2171D1F3608C400214F42 /* YMCZB0Tests.m in Sources */ = {isa = PBXBuildFile; fileRef = 8BF2171C1F3608C400214F42 /* YMCZB0Tests.m */; };
		8BF217281F3608C400214F42 /* YMCZB0UITests.m in Sources */ = {isa = PBXBuildFile; fileRef = 8BF217271F3608C400214F42 /* YMCZB0UITests.m */; };
		8BF217371F3608D800214F42 /* NextViewController.m in Sources */ = {isa = PBXBuildFile; fileRef = 8BF217361F3608D800214F42 /* NextViewController.m */; };
/* End PBXBuildFile section */

/* Begin PBXContainerItemProxy section */
		8BF217191F3608C400214F42 /* PBXContainerItemProxy */ = {
			isa = PBXContainerItemProxy;
			containerPortal = 8BF216F71F3608C400214F42 /* Project object */;
			proxyType = 1;
			remoteGlobalIDString = 8BF216FE1F3608C400214F42;
			remoteInfo = YMCZB0;
		};
		8BF217241F3608C400214F42 /* PBXContainerItemProxy */ = {
			isa = PBXContainerItemProxy;
			containerPortal = 8BF216F71F3608C400214F42 /* Project object */;
			proxyType = 1;
			remoteGlobalIDString = 8BF216FE1F3608C400214F42;
			remoteInfo = YMCZB0;
		};
/* End PBXContainerItemProxy section */

/* Begin PBXFileReference section */
		8BF216FF1F3608C400214F42 /* YMCZB0.app */ = {isa = PBXFileReference; explicitFileType = wrapper.application; includeInIndex = 0; path = YMCZB0.app; sourceTree = BUILT_PRODUCTS_DIR; };
		8BF217031F3608C400214F42 /* main.m */ = {isa = PBXFileReference; lastKnownFileType = sourcecode.c.objc; path = main.m; sourceTree = "<group>"; };
		8BF217051F3608C400214F42 /* AppDelegate.h */ = {isa = PBXFileReference; lastKnownFileType = sourcecode.c.h; path = AppDelegate.h; sourceTree = "<group>"; };
		8BF217061F3608C400214F42 /* AppDelegate.m */ = {isa = PBXFileReference; lastKnownFileType = sourcecode.c.objc; path = AppDelegate.m; sourceTree = "<group>"; };
		8BF217081F3608C400214F42 /* ViewController.h */ = {isa = PBXFileReference; lastKnownFileType = sourcecode.c.h; path = ViewController.h; sourceTree = "<group>"; };
		8BF217091F3608C400214F42 /* ViewController.m */ = {isa = PBXFileReference; lastKnownFileType = sourcecode.c.objc; path = ViewController.m; sourceTree = "<group>"; };
		8BF2170C1F3608C400214F42 /* Base */ = {isa = PBXFileReference; lastKnownFileType = file.storyboard; name = Base; path = Base.lproj/Main.storyboard; sourceTree = "<group>"; };
		8BF2170E1F3608C400214F42 /* Assets.xcassets */ = {isa = PBXFileReference; lastKnownFileType = folder.assetcatalog; path = Assets.xcassets; sourceTree = "<group>"; };
		8BF217111F3608C400214F42 /* Base */ = {isa = PBXFileReference; lastKnownFileType = file.storyboard; name = Base; path = Base.lproj/LaunchScreen.storyboard; sourceTree = "<group>"; };
		8BF217131F3608C400214F42 /* Info.plist */ = {isa = PBXFileReference; lastKnownFileType = text.plist.xml; path = Info.plist; sourceTree = "<group>"; };
		8BF217181F3608C400214F42 /* YMCZB0Tests.xctest */ = {isa = PBXFileReference; explicitFileType = wrapper.cfbundle; includeInIndex = 0; path = YMCZB0Tests.xctest; sourceTree = BUILT_PRODUCTS_DIR; };
		8BF2171C1F3608C400214F42 /* YMCZB0Tests.m */ = {isa = PBXFileReference; lastKnownFileType = sourcecode.c.objc; path = YMCZB0Tests.m; sourceTree = "<group>"; };
		8BF2171E1F3608C400214F42 /* Info.plist */ = {isa = PBXFileReference; lastKnownFileType = text.plist.xml; path = Info.plist; sourceTree = "<group>"; };
		8BF217231F3608C400214F42 /* YMCZB0UITests.xctest */ = {isa = PBXFileReference; explicitFileType = wrapper.cfbundle; includeInIndex = 0; path = YMCZB0UITests.xctest; sourceTree = BUILT_PRODUCTS_DIR; };
		8BF217271F3608C400214F42 /* YMCZB0UITests.m */ = {isa = PBXFileReference; lastKnownFileType = sourcecode.c.objc; path = YMCZB0UITests.m; sourceTree = "<group>"; };
		8BF217291F3608C400214F42 /* Info.plist */ = {isa = PBXFileReference; lastKnownFileType = text.plist.xml; path = Info.plist; sourceTree = "<group>"; };
		8BF217351F3608D800214F42 /* NextViewController.h */ = {isa = PBXFileReference; fileEncoding = 4; lastKnownFileType = sourcecode.c.h; path = NextViewController.h; sourceTree = "<group>"; };
		8BF217361F3608D800214F42 /* NextViewController.m */ = {isa = PBXFileReference; fileEncoding = 4; lastKnownFileType = sourcecode.c.objc; path = NextViewController.m; sourceTree = "<group>"; };
/* End PBXFileReference section */

/* Begin PBXFrameworksBuildPhase section */
		8BF216FC1F3608C400214F42 /* Frameworks */ = {
			isa = PBXFrameworksBuildPhase;
			buildActionMask = 2147483647;
			files = (
			);
			runOnlyForDeploymentPostprocessing = 0;
		};
		8BF217151F3608C400214F42 /* Frameworks */ = {
			isa = PBXFrameworksBuildPhase;
			buildActionMask = 2147483647;
			files = (
			);
			runOnlyForDeploymentPostprocessing = 0;
		};
		8BF217201F3608C400214F42 /* Frameworks */ = {
			isa = PBXFrameworksBuildPhase;
			buildActionMask = 2147483647;
			files = (
			);
			runOnlyForDeploymentPostprocessing = 0;
		};
/* End PBXFrameworksBuildPhase section */

/* Begin PBXGroup section */
		8BF216F61F3608C400214F42 = {
			isa = PBXGroup;
			children = (
				8BF217011F3608C400214F42 /* YMCZB0 */,
				8BF2171B1F3608C400214F42 /* YMCZB0Tests */,
				8BF217261F3608C400214F42 /* YMCZB0UITests */,
				8BF217001F3608C400214F42 /* Products */,
			);
			sourceTree = "<group>";
		};
		8BF217001F3608C400214F42 /* Products */ = {
			isa = PBXGroup;
			children = (
				8BF216FF1F3608C400214F42 /* YMCZB0.app */,
				8BF217181F3608C400214F42 /* YMCZB0Tests.xctest */,
				8BF217231F3608C400214F42 /* YMCZB0UITests.xctest */,
			);
			name = Products;
			sourceTree = "<group>";
		};
		8BF217011F3608C400214F42 /* YMCZB0 */ = {
			isa = PBXGroup;
			children = (
				8BF217051F3608C400214F42 /* AppDelegate.h */,
				8BF217061F3608C400214F42 /* AppDelegate.m */,
				8BF217081F3608C400214F42 /* ViewController.h */,
				8BF217091F3608C400214F42 /* ViewController.m */,
				8BF217351F3608D800214F42 /* NextViewController.h */,
				8BF217361F3608D800214F42 /* NextViewController.m */,
				8BF2170B1F3608C400214F42 /* Main.storyboard */,
				8BF2170E1F3608C400214F42 /* Assets.xcassets */,
				8BF217101F3608C400214F42 /* LaunchScreen.storyboard */,
				8BF217131F3608C400214F42 /* Info.plist */,
				8BF217021F3608C400214F42 /* Supporting Files */,
			);
			path = YMCZB0;
			sourceTree = "<group>";
		};
		8BF217021F3608C400214F42 /* Supporting Files */ = {
			isa = PBXGroup;
			children = (
				8BF217031F3608C400214F42 /* main.m */,
			);
			name = "Supporting Files";
			sourceTree = "<group>";
		};
		8BF2171B1F3608C400214F42 /* YMCZB0Tests */ = {
			isa = PBXGroup;
			children = (
				8BF2171C1F3608C400214F42 /* YMCZB0Tests.m */,
				8BF2171E1F3608C400214F42 /* Info.plist */,
			);
			path = YMCZB0Tests;
			sourceTree = "<group>";
		};
		8BF217261F3608C400214F42 /* YMCZB0UITests */ = {
			isa = PBXGroup;
			children = (
				8BF217271F3608C400214F42 /* YMCZB0UITests.m */,
				8BF217291F3608C400214F42 /* Info.plist */,
			);
			path = YMCZB0UITests;
			sourceTree = "<group>";
		};
/* End PBXGroup section */

/* Begin PBXNativeTarget section */
		8BF216FE1F3608C400214F42 /* YMCZB0 */ = {
			isa = PBXNativeTarget;
			buildConfigurationList = 8BF2172C1F3608C400214F42 /* Build configuration list for PBXNativeTarget "YMCZB0" */;
			buildPhases = (
				8BF216FB1F3608C400214F42 /* Sources */,
				8BF216FC1F3608C400214F42 /* Frameworks */,
				8BF216FD1F3608C400214F42 /* Resources */,
			);
			buildRules = (
			);
			dependencies = (
			);
			name = YMCZB0;
			productName = YMCZB0;
			productReference = 8BF216FF1F3608C400214F42 /* YMCZB0.app */;
			productType = "com.apple.product-type.application";
		};
		8BF217171F3608C400214F42 /* YMCZB0Tests */ = {
			isa = PBXNativeTarget;
			buildConfigurationList = 8BF2172F1F3608C400214F42 /* Build configuration list for PBXNativeTarget "YMCZB0Tests" */;
			buildPhases = (
				8BF217141F3608C400214F42 /* Sources */,
				8BF217151F3608C400214F42 /* Frameworks */,
				8BF217161F3608C400214F42 /* Resources */,
			);
			buildRules = (
			);
			dependencies = (
				8BF2171A1F3608C400214F42 /* PBXTargetDependency */,
			);
			name = YMCZB0Tests;
			productName = YMCZB0Tests;
			productReference = 8BF217181F3608C400214F42 /* YMCZB0Tests.xctest */;
			productType = "com.apple.product-type.bundle.unit-test";
		};
		8BF217221F3608C400214F42 /* YMCZB0UITests */ = {
			isa = PBXNativeTarget;
			buildConfigurationList = 8BF217321F3608C400214F42 /* Build configuration list for PBXNativeTarget "YMCZB0UITests" */;
			buildPhases = (
				8BF2171F1F3608C400214F42 /* Sources */,
				8BF217201F3608C400214F42 /* Frameworks */,
				8BF217211F3608C400214F42 /* Resources */,
			);
			buildRules = (
			);
			dependencies = (
				8BF217251F3608C400214F42 /* PBXTargetDependency */,
			);
			name = YMCZB0UITests;
			productName = YMCZB0UITests;
			productReference = 8BF217231F3608C400214F42 /* YMCZB0UITests.xctest */;
			productType = "com.apple.product-type.bundle.ui-testing";
		};
/* End PBXNativeTarget section */

/* Begin PBXProject section */
		8BF216F71F3608C400214F42 /* Project object */ = {
			isa = PBXProject;
			attributes = {
				LastUpgradeCheck = 0830;
				ORGANIZATIONNAME = tennyxu;
				TargetAttributes = {
					8BF216FE1F3608C400214F42 = {
						CreatedOnToolsVersion = 8.3.3;
						ProvisioningStyle = Automatic;
					};
					8BF217171F3608C400214F42 = {
						CreatedOnToolsVersion = 8.3.3;
						ProvisioningStyle = Automatic;
						TestTargetID = 8BF216FE1F3608C400214F42;
					};
					8BF217221F3608C400214F42 = {
						CreatedOnToolsVersion = 8.3.3;
						ProvisioningStyle = Automatic;
						TestTargetID = 8BF216FE1F3608C400214F42;
					};
				};
			};
			buildConfigurationList = 8BF216FA1F3608C400214F42 /* Build configuration list for PBXProject "YMCZB0" */;
			compatibilityVersion = "Xcode 3.2";
			developmentRegion = English;
			hasScannedForEncodings = 0;
			knownRegions = (
				en,
				Base,
			);
			mainGroup = 8BF216F61F3608C400214F42;
			productRefGroup = 8BF217001F3608C400214F42 /* Products */;
			projectDirPath = "";
			projectRoot = "";
			targets = (
				8BF216FE1F3608C400214F42 /* YMCZB0 */,
				8BF217171F3608C400214F42 /* YMCZB0Tests */,
				8BF217221F3608C400214F42 /* YMCZB0UITests */,
			);
		};
/* End PBXProject section */

/* Begin PBXResourcesBuildPhase section */
		8BF216FD1F3608C400214F42 /* Resources */ = {
			isa = PBXResourcesBuildPhase;
			buildActionMask = 2147483647;
			files = (
				8BF217121F3608C400214F42 /* LaunchScreen.storyboard in Resources */,
				8BF2170F1F3608C400214F42 /* Assets.xcassets in Resources */,
				8BF2170D1F3608C400214F42 /* Main.storyboard in Resources */,
			);
			runOnlyForDeploymentPostprocessing = 0;
		};
		8BF217161F3608C400214F42 /* Resources */ = {
			isa = PBXResourcesBuildPhase;
			buildActionMask = 2147483647;
			files = (
			);
			runOnlyForDeploymentPostprocessing = 0;
		};
		8BF217211F3608C400214F42 /* Resources */ = {
			isa = PBXResourcesBuildPhase;
			buildActionMask = 2147483647;
			files = (
			);
			runOnlyForDeploymentPostprocessing = 0;
		};
/* End PBXResourcesBuildPhase section */

/* Begin PBXSourcesBuildPhase section */
		8BF216FB1F3608C400214F42 /* Sources */ = {
			isa = PBXSourcesBuildPhase;
			buildActionMask = 2147483647;
			files = (
				8BF2170A1F3608C400214F42 /* ViewController.m in Sources */,
				8BF217371F3608D800214F42 /* NextViewController.m in Sources */,
				8BF217071F3608C400214F42 /* AppDelegate.m in Sources */,
				8BF217041F3608C400214F42 /* main.m in Sources */,
			);
			runOnlyForDeploymentPostprocessing = 0;
		};
		8BF217141F3608C400214F42 /* Sources */ = {
			isa = PBXSourcesBuildPhase;
			buildActionMask = 2147483647;
			files = (
				8BF2171D1F3608C400214F42 /* YMCZB0Tests.m in Sources */,
			);
			runOnlyForDeploymentPostprocessing = 0;
		};
		8BF2171F1F3608C400214F42 /* Sources */ = {
			isa = PBXSourcesBuildPhase;
			buildActionMask = 2147483647;
			files = (
				8BF217281F3608C400214F42 /* YMCZB0UITests.m in Sources */,
			);
			runOnlyForDeploymentPostprocessing = 0;
		};
/* End PBXSourcesBuildPhase section */

/* Begin PBXTargetDependency section */
		8BF2171A1F3608C400214F42 /* PBXTargetDependency */ = {
			isa = PBXTargetDependency;
			target = 8BF216FE1F3608C400214F42 /* YMCZB0 */;
			targetProxy = 8BF217191F3608C400214F42 /* PBXContainerItemProxy */;
		};
		8BF217251F3608C400214F42 /* PBXTargetDependency */ = {
			isa = PBXTargetDependency;
			target = 8BF216FE1F3608C400214F42 /* YMCZB0 */;
			targetProxy = 8BF217241F3608C400214F42 /* PBXContainerItemProxy */;
		};
/* End PBXTargetDependency section */

/* Begin PBXVariantGroup section */
		8BF2170B1F3608C400214F42 /* Main.storyboard */ = {
			isa = PBXVariantGroup;
			children = (
				8BF2170C1F3608C400214F42 /* Base */,
			);
			name = Main.storyboard;
			sourceTree = "<group>";
		};
		8BF217101F3608C400214F42 /* LaunchScreen.storyboard */ = {
			isa = PBXVariantGroup;
			children = (
				8BF217111F3608C400214F42 /* Base */,
			);
			name = LaunchScreen.storyboard;
			sourceTree = "<group>";
		};
/* End PBXVariantGroup section */

/* Begin XCBuildConfiguration section */
		8BF2172A1F3608C400214F42 /* Debug */ = {
			isa = XCBuildConfiguration;
			buildSettings = {
				ALWAYS_SEARCH_USER_PATHS = NO;
				CLANG_ANALYZER_NONNULL = YES;
				CLANG_ANALYZER_NUMBER_OBJECT_CONVERSION = YES_AGGRESSIVE;
				CLANG_CXX_LANGUAGE_STANDARD = "gnu++0x";
				CLANG_CXX_LIBRARY = "libc++";
				CLANG_ENABLE_MODULES = YES;
				CLANG_ENABLE_OBJC_ARC = YES;
				CLANG_WARN_BOOL_CONVERSION = YES;
				CLANG_WARN_CONSTANT_CONVERSION = YES;
				CLANG_WARN_DIRECT_OBJC_ISA_USAGE = YES_ERROR;
				CLANG_WARN_DOCUMENTATION_COMMENTS = YES;
				CLANG_WARN_EMPTY_BODY = YES;
				CLANG_WARN_ENUM_CONVERSION = YES;
				CLANG_WARN_INFINITE_RECURSION = YES;
				CLANG_WARN_INT_CONVERSION = YES;
				CLANG_WARN_OBJC_ROOT_CLASS = YES_ERROR;
				CLANG_WARN_SUSPICIOUS_MOVE = YES;
				CLANG_WARN_UNREACHABLE_CODE = YES;
				CLANG_WARN__DUPLICATE_METHOD_MATCH = YES;
				"CODE_SIGN_IDENTITY[sdk=iphoneos*]" = "iPhone Developer";
				COPY_PHASE_STRIP = NO;
				DEBUG_INFORMATION_FORMAT = dwarf;
				ENABLE_STRICT_OBJC_MSGSEND = YES;
				ENABLE_TESTABILITY = YES;
				GCC_C_LANGUAGE_STANDARD = gnu99;
				GCC_DYNAMIC_NO_PIC = NO;
				GCC_NO_COMMON_BLOCKS = YES;
				GCC_OPTIMIZATION_LEVEL = 0;
				GCC_PREPROCESSOR_DEFINITIONS = (
					"DEBUG=1",
					"$(inherited)",
				);
				GCC_WARN_64_TO_32_BIT_CONVERSION = YES;
				GCC_WARN_ABOUT_RETURN_TYPE = YES_ERROR;
				GCC_WARN_UNDECLARED_SELECTOR = YES;
				GCC_WARN_UNINITIALIZED_AUTOS = YES_AGGRESSIVE;
				GCC_WARN_UNUSED_FUNCTION = YES;
				GCC_WARN_UNUSED_VARIABLE = YES;
				IPHONEOS_DEPLOYMENT_TARGET = 10.3;
				MTL_ENABLE_DEBUG_INFO = YES;
				ONLY_ACTIVE_ARCH = YES;
				SDKROOT = iphoneos;
			};
			name = Debug;
		};
		8BF2172B1F3608C400214F42 /* Release */ = {
			isa = XCBuildConfiguration;
			buildSettings = {
				ALWAYS_SEARCH_USER_PATHS = NO;
				CLANG_ANALYZER_NONNULL = YES;
				CLANG_ANALYZER_NUMBER_OBJECT_CONVERSION = YES_AGGRESSIVE;
				CLANG_CXX_LANGUAGE_STANDARD = "gnu++0x";
				CLANG_CXX_LIBRARY = "libc++";
				CLANG_ENABLE_MODULES = YES;
				CLANG_ENABLE_OBJC_ARC = YES;
				CLANG_WARN_BOOL_CONVERSION = YES;
				CLANG_WARN_CONSTANT_CONVERSION = YES;
				CLANG_WARN_DIRECT_OBJC_ISA_USAGE = YES_ERROR;
				CLANG_WARN_DOCUMENTATION_COMMENTS = YES;
				CLANG_WARN_EMPTY_BODY = YES;
				CLANG_WARN_ENUM_CONVERSION = YES;
				CLANG_WARN_INFINITE_RECURSION = YES;
				CLANG_WARN_INT_CONVERSION = YES;
				CLANG_WARN_OBJC_ROOT_CLASS = YES_ERROR;
				CLANG_WARN_SUSPICIOUS_MOVE = YES;
				CLANG_WARN_UNREACHABLE_CODE = YES;
				CLANG_WARN__DUPLICATE_METHOD_MATCH = YES;
				"CODE_SIGN_IDENTITY[sdk=iphoneos*]" = "iPhone Developer";
				COPY_PHASE_STRIP = NO;
				DEBUG_INFORMATION_FORMAT = "dwarf-with-dsym";
				ENABLE_NS_ASSERTIONS = NO;
				ENABLE_STRICT_OBJC_MSGSEND = YES;
				GCC_C_LANGUAGE_STANDARD = gnu99;
				GCC_NO_COMMON_BLOCKS = YES;
				GCC_WARN_64_TO_32_BIT_CONVERSION = YES;
				GCC_WARN_ABOUT_RETURN_TYPE = YES_ERROR;
				GCC_WARN_UNDECLARED_SELECTOR = YES;
				GCC_WARN_UNINITIALIZED_AUTOS = YES_AGGRESSIVE;
				GCC_WARN_UNUSED_FUNCTION = YES;
				GCC_WARN_UNUSED_VARIABLE = YES;
				IPHONEOS_DEPLOYMENT_TARGET = 10.3;
				MTL_ENABLE_DEBUG_INFO = NO;
				SDKROOT = iphoneos;
				VALIDATE_PRODUCT = YES;
			};
			name = Release;
		};
		8BF2172D1F3608C400214F42 /* Debug */ = {
			isa = XCBuildConfiguration;
			buildSettings = {
				ASSETCATALOG_COMPILER_APPICON_NAME = AppIcon;
				INFOPLIST_FILE = YMCZB0/Info.plist;
				LD_RUNPATH_SEARCH_PATHS = "$(inherited) @executable_path/Frameworks";
				PRODUCT_BUNDLE_IDENTIFIER = tennyxu.YMCZB0;
				PRODUCT_NAME = "$(TARGET_NAME)";
			};
			name = Debug;
		};
		8BF2172E1F3608C400214F42 /* Release */ = {
			isa = XCBuildConfiguration;
			buildSettings = {
				ASSETCATALOG_COMPILER_APPICON_NAME = AppIcon;
				INFOPLIST_FILE = YMCZB0/Info.plist;
				LD_RUNPATH_SEARCH_PATHS = "$(inherited) @executable_path/Frameworks";
				PRODUCT_BUNDLE_IDENTIFIER = tennyxu.YMCZB0;
				PRODUCT_NAME = "$(TARGET_NAME)";
			};
			name = Release;
		};
		8BF217301F3608C400214F42 /* Debug */ = {
			isa = XCBuildConfiguration;
			buildSettings = {
				BUNDLE_LOADER = "$(TEST_HOST)";
				INFOPLIST_FILE = YMCZB0Tests/Info.plist;
				LD_RUNPATH_SEARCH_PATHS = "$(inherited) @executable_path/Frameworks @loader_path/Frameworks";
				PRODUCT_BUNDLE_IDENTIFIER = tennyxu.YMCZB0Tests;
				PRODUCT_NAME = "$(TARGET_NAME)";
				TEST_HOST = "$(BUILT_PRODUCTS_DIR)/YMCZB0.app/YMCZB0";
			};
			name = Debug;
		};
		8BF217311F3608C400214F42 /* Release */ = {
			isa = XCBuildConfiguration;
			buildSettings = {
				BUNDLE_LOADER = "$(TEST_HOST)";
				INFOPLIST_FILE = YMCZB0Tests/Info.plist;
				LD_RUNPATH_SEARCH_PATHS = "$(inherited) @executable_path/Frameworks @loader_path/Frameworks";
				PRODUCT_BUNDLE_IDENTIFIER = tennyxu.YMCZB0Tests;
				PRODUCT_NAME = "$(TARGET_NAME)";
				TEST_HOST = "$(BUILT_PRODUCTS_DIR)/YMCZB0.app/YMCZB0";
			};
			name = Release;
		};
		8BF217331F3608C400214F42 /* Debug */ = {
			isa = XCBuildConfiguration;
			buildSettings = {
				INFOPLIST_FILE = YMCZB0UITests/Info.plist;
				LD_RUNPATH_SEARCH_PATHS = "$(inherited) @executable_path/Frameworks @loader_path/Frameworks";
				PRODUCT_BUNDLE_IDENTIFIER = tennyxu.YMCZB0UITests;
				PRODUCT_NAME = "$(TARGET_NAME)";
				TEST_TARGET_NAME = YMCZB0;
			};
			name = Debug;
		};
		8BF217341F3608C400214F42 /* Release */ = {
			isa = XCBuildConfiguration;
			buildSettings = {
				INFOPLIST_FILE = YMCZB0UITests/Info.plist;
				LD_RUNPATH_SEARCH_PATHS = "$(inherited) @executable_path/Frameworks @loader_path/Frameworks";
				PRODUCT_BUNDLE_IDENTIFIER = tennyxu.YMCZB0UITests;
				PRODUCT_NAME = "$(TARGET_NAME)";
				TEST_TARGET_NAME = YMCZB0;
			};
			name = Release;
		};
/* End XCBuildConfiguration section */

/* Begin XCConfigurationList section */
		8BF216FA1F3608C400214F42 /* Build configuration list for PBXProject "YMCZB0" */ = {
			isa = XCConfigurationList;
			buildConfigurations = (
				8BF2172A1F3608C400214F42 /* Debug */,
				8BF2172B1F3608C400214F42 /* Release */,
			);
			defaultConfigurationIsVisible = 0;
			defaultConfigurationName = Release;
		};
		8BF2172C1F3608C400214F42 /* Build configuration list for PBXNativeTarget "YMCZB0" */ = {
			isa = XCConfigurationList;
			buildConfigurations = (
				8BF2172D1F3608C400214F42 /* Debug */,
				8BF2172E1F3608C400214F42 /* Release */,
			);
			defaultConfigurationIsVisible = 0;
		};
		8BF2172F1F3608C400214F42 /* Build configuration list for PBXNativeTarget "YMCZB0Tests" */ = {
			isa = XCConfigurationList;
			buildConfigurations = (
				8BF217301F3608C400214F42 /* Debug */,
				8BF217311F3608C400214F42 /* Release */,
			);
			defaultConfigurationIsVisible = 0;
		};
		8BF217321F3608C400214F42 /* Build configuration list for PBXNativeTarget "YMCZB0UITests" */ = {
			isa = XCConfigurationList;
			buildConfigurations = (
				8BF217331F3608C400214F42 /* Debug */,
				8BF217341F3608C400214F42 /* Release */,
			);
			defaultConfigurationIsVisible = 0;
		};
/* End XCConfigurationList section */
	};
	rootObject = 8BF216F71F3608C400214F42 /* Project object */;
}
