// !$*UTF8*$!
{
	archiveVersion = 1;
	classes = {
	};
	objectVersion = 48;
	objects = {

/* Begin PBXBuildFile section */
		8B7EDACB1F691CD60016DECB /* AppDelegate.m in Sources */ = {isa = PBXBuildFile; fileRef = 8B7EDACA1F691CD60016DECB /* AppDelegate.m */; };
		8B7EDACE1F691CD60016DECB /* ViewController.m in Sources */ = {isa = PBXBuildFile; fileRef = 8B7EDACD1F691CD60016DECB /* ViewController.m */; };
		8B7EDAD11F691CD60016DECB /* Main.storyboard in Resources */ = {isa = PBXBuildFile; fileRef = 8B7EDACF1F691CD60016DECB /* Main.storyboard */; };
		8B7EDAD31F691CD60016DECB /* Assets.xcassets in Resources */ = {isa = PBXBuildFile; fileRef = 8B7EDAD21F691CD60016DECB /* Assets.xcassets */; };
		8B7EDAD61F691CD60016DECB /* LaunchScreen.storyboard in Resources */ = {isa = PBXBuildFile; fileRef = 8B7EDAD41F691CD60016DECB /* LaunchScreen.storyboard */; };
		8B7EDAD91F691CD60016DECB /* main.m in Sources */ = {isa = PBXBuildFile; fileRef = 8B7EDAD81F691CD60016DECB /* main.m */; };
/* End PBXBuildFile section */

/* Begin PBXFileReference section */
		8B7EDAC61F691CD60016DECB /* iphoneXDemo.app */ = {isa = PBXFileReference; explicitFileType = wrapper.application; includeInIndex = 0; path = iphoneXDemo.app; sourceTree = BUILT_PRODUCTS_DIR; };
		8B7EDAC91F691CD60016DECB /* AppDelegate.h */ = {isa = PBXFileReference; lastKnownFileType = sourcecode.c.h; path = AppDelegate.h; sourceTree = "<group>"; };
		8B7EDACA1F691CD60016DECB /* AppDelegate.m */ = {isa = PBXFileReference; lastKnownFileType = sourcecode.c.objc; path = AppDelegate.m; sourceTree = "<group>"; };
		8B7EDACC1F691CD60016DECB /* ViewController.h */ = {isa = PBXFileReference; lastKnownFileType = sourcecode.c.h; path = ViewController.h; sourceTree = "<group>"; };
		8B7EDACD1F691CD60016DECB /* ViewController.m */ = {isa = PBXFileReference; lastKnownFileType = sourcecode.c.objc; path = ViewController.m; sourceTree = "<group>"; };
		8B7EDAD01F691CD60016DECB /* Base */ = {isa = PBXFileReference; lastKnownFileType = file.storyboard; name = Base; path = Base.lproj/Main.storyboard; sourceTree = "<group>"; };
		8B7EDAD21F691CD60016DECB /* Assets.xcassets */ = {isa = PBXFileReference; lastKnownFileType = folder.assetcatalog; path = Assets.xcassets; sourceTree = "<group>"; };
		8B7EDAD51F691CD60016DECB /* Base */ = {isa = PBXFileReference; lastKnownFileType = file.storyboard; name = Base; path = Base.lproj/LaunchScreen.storyboard; sourceTree = "<group>"; };
		8B7EDAD71F691CD60016DECB /* Info.plist */ = {isa = PBXFileReference; lastKnownFileType = text.plist.xml; path = Info.plist; sourceTree = "<group>"; };
		8B7EDAD81F691CD60016DECB /* main.m */ = {isa = PBXFileReference; lastKnownFileType = sourcecode.c.objc; path = main.m; sourceTree = "<group>"; };
/* End PBXFileReference section */

/* Begin PBXFrameworksBuildPhase section */
		8B7EDAC31F691CD60016DECB /* Frameworks */ = {
			isa = PBXFrameworksBuildPhase;
			buildActionMask = 2147483647;
			files = (
			);
			runOnlyForDeploymentPostprocessing = 0;
		};
/* End PBXFrameworksBuildPhase section */

/* Begin PBXGroup section */
		8B7EDABD1F691CD60016DECB = {
			isa = PBXGroup;
			children = (
				8B7EDAC81F691CD60016DECB /* iphoneXDemo */,
				8B7EDAC71F691CD60016DECB /* Products */,
			);
			sourceTree = "<group>";
		};
		8B7EDAC71F691CD60016DECB /* Products */ = {
			isa = PBXGroup;
			children = (
				8B7EDAC61F691CD60016DECB /* iphoneXDemo.app */,
			);
			name = Products;
			sourceTree = "<group>";
		};
		8B7EDAC81F691CD60016DECB /* iphoneXDemo */ = {
			isa = PBXGroup;
			children = (
				8B7EDAC91F691CD60016DECB /* AppDelegate.h */,
				8B7EDACA1F691CD60016DECB /* AppDelegate.m */,
				8B7EDACC1F691CD60016DECB /* ViewController.h */,
				8B7EDACD1F691CD60016DECB /* ViewController.m */,
				8B7EDACF1F691CD60016DECB /* Main.storyboard */,
				8B7EDAD21F691CD60016DECB /* Assets.xcassets */,
				8B7EDAD41F691CD60016DECB /* LaunchScreen.storyboard */,
				8B7EDAD71F691CD60016DECB /* Info.plist */,
				8B7EDAD81F691CD60016DECB /* main.m */,
			);
			path = iphoneXDemo;
			sourceTree = "<group>";
		};
/* End PBXGroup section */

/* Begin PBXNativeTarget section */
		8B7EDAC51F691CD60016DECB /* iphoneXDemo */ = {
			isa = PBXNativeTarget;
			buildConfigurationList = 8B7EDADC1F691CD60016DECB /* Build configuration list for PBXNativeTarget "iphoneXDemo" */;
			buildPhases = (
				8B7EDAC21F691CD60016DECB /* Sources */,
				8B7EDAC31F691CD60016DECB /* Frameworks */,
				8B7EDAC41F691CD60016DECB /* Resources */,
			);
			buildRules = (
			);
			dependencies = (
			);
			name = iphoneXDemo;
			productName = iphoneXDemo;
			productReference = 8B7EDAC61F691CD60016DECB /* iphoneXDemo.app */;
			productType = "com.apple.product-type.application";
		};
/* End PBXNativeTarget section */

/* Begin PBXProject section */
		8B7EDABE1F691CD60016DECB /* Project object */ = {
			isa = PBXProject;
			attributes = {
				LastUpgradeCheck = 0900;
				ORGANIZATIONNAME = tennyxu;
				TargetAttributes = {
					8B7EDAC51F691CD60016DECB = {
						CreatedOnToolsVersion = 9.0;
						ProvisioningStyle = Automatic;
					};
				};
			};
			buildConfigurationList = 8B7EDAC11F691CD60016DECB /* Build configuration list for PBXProject "iphoneXDemo" */;
			compatibilityVersion = "Xcode 8.0";
			developmentRegion = en;
			hasScannedForEncodings = 0;
			knownRegions = (
				en,
				Base,
			);
			mainGroup = 8B7EDABD1F691CD60016DECB;
			productRefGroup = 8B7EDAC71F691CD60016DECB /* Products */;
			projectDirPath = "";
			projectRoot = "";
			targets = (
				8B7EDAC51F691CD60016DECB /* iphoneXDemo */,
			);
		};
/* End PBXProject section */

/* Begin PBXResourcesBuildPhase section */
		8B7EDAC41F691CD60016DECB /* Resources */ = {
			isa = PBXResourcesBuildPhase;
			buildActionMask = 2147483647;
			files = (
				8B7EDAD61F691CD60016DECB /* LaunchScreen.storyboard in Resources */,
				8B7EDAD31F691CD60016DECB /* Assets.xcassets in Resources */,
				8B7EDAD11F691CD60016DECB /* Main.storyboard in Resources */,
			);
			runOnlyForDeploymentPostprocessing = 0;
		};
/* End PBXResourcesBuildPhase section */

/* Begin PBXSourcesBuildPhase section */
		8B7EDAC21F691CD60016DECB /* Sources */ = {
			isa = PBXSourcesBuildPhase;
			buildActionMask = 2147483647;
			files = (
				8B7EDACE1F691CD60016DECB /* ViewController.m in Sources */,
				8B7EDAD91F691CD60016DECB /* main.m in Sources */,
				8B7EDACB1F691CD60016DECB /* AppDelegate.m in Sources */,
			);
			runOnlyForDeploymentPostprocessing = 0;
		};
/* End PBXSourcesBuildPhase section */

/* Begin PBXVariantGroup section */
		8B7EDACF1F691CD60016DECB /* Main.storyboard */ = {
			isa = PBXVariantGroup;
			children = (
				8B7EDAD01F691CD60016DECB /* Base */,
			);
			name = Main.storyboard;
			sourceTree = "<group>";
		};
		8B7EDAD41F691CD60016DECB /* LaunchScreen.storyboard */ = {
			isa = PBXVariantGroup;
			children = (
				8B7EDAD51F691CD60016DECB /* Base */,
			);
			name = LaunchScreen.storyboard;
			sourceTree = "<group>";
		};
/* End PBXVariantGroup section */

/* Begin XCBuildConfiguration section */
		8B7EDADA1F691CD60016DECB /* Debug */ = {
			isa = XCBuildConfiguration;
			buildSettings = {
				ALWAYS_SEARCH_USER_PATHS = NO;
				CLANG_ANALYZER_NONNULL = YES;
				CLANG_ANALYZER_NUMBER_OBJECT_CONVERSION = YES_AGGRESSIVE;
				CLANG_CXX_LANGUAGE_STANDARD = "gnu++14";
				CLANG_CXX_LIBRARY = "libc++";
				CLANG_ENABLE_MODULES = YES;
				CLANG_ENABLE_OBJC_ARC = YES;
				CLANG_WARN_BLOCK_CAPTURE_AUTORELEASING = YES;
				CLANG_WARN_BOOL_CONVERSION = YES;
				CLANG_WARN_COMMA = YES;
				CLANG_WARN_CONSTANT_CONVERSION = YES;
				CLANG_WARN_DIRECT_OBJC_ISA_USAGE = YES_ERROR;
				CLANG_WARN_DOCUMENTATION_COMMENTS = YES;
				CLANG_WARN_EMPTY_BODY = YES;
				CLANG_WARN_ENUM_CONVERSION = YES;
				CLANG_WARN_INFINITE_RECURSION = YES;
				CLANG_WARN_INT_CONVERSION = YES;
				CLANG_WARN_NON_LITERAL_NULL_CONVERSION = YES;
				CLANG_WARN_OBJC_LITERAL_CONVERSION = YES;
				CLANG_WARN_OBJC_ROOT_CLASS = YES_ERROR;
				CLANG_WARN_RANGE_LOOP_ANALYSIS = YES;
				CLANG_WARN_STRICT_PROTOTYPES = YES;
				CLANG_WARN_SUSPICIOUS_MOVE = YES;
				CLANG_WARN_UNGUARDED_AVAILABILITY = YES_AGGRESSIVE;
				CLANG_WARN_UNREACHABLE_CODE = YES;
				CLANG_WARN__DUPLICATE_METHOD_MATCH = YES;
				CODE_SIGN_IDENTITY = "iPhone Developer";
				COPY_PHASE_STRIP = NO;
				DEBUG_INFORMATION_FORMAT = dwarf;
				ENABLE_STRICT_OBJC_MSGSEND = YES;
				ENABLE_TESTABILITY = YES;
				GCC_C_LANGUAGE_STANDARD = gnu11;
				GCC_DYNAMIC_NO_PIC = NO;
				GCC_NO_COMMON_BLOCKS = YES;
				GCC_OPTIMIZATION_LEVEL = 0;
				GCC_PREPROCESSOR_DEFINITIONS = (
					"DEBUG=1",
					"$(inherited)",
				);
				GCC_WARN_64_TO_32_BIT_CONVERSION = YES;
				GCC_WARN_ABOUT_RETURN_TYPE = YES_ERROR;
				GCC_WARN_UNDECLARED_SELECTOR = YES;
				GCC_WARN_UNINITIALIZED_AUTOS = YES_AGGRESSIVE;
				GCC_WARN_UNUSED_FUNCTION = YES;
				GCC_WARN_UNUSED_VARIABLE = YES;
				IPHONEOS_DEPLOYMENT_TARGET = 11.0;
				MTL_ENABLE_DEBUG_INFO = YES;
				ONLY_ACTIVE_ARCH = YES;
				SDKROOT = iphoneos;
			};
			name = Debug;
		};
		8B7EDADB1F691CD60016DECB /* Release */ = {
			isa = XCBuildConfiguration;
			buildSettings = {
				ALWAYS_SEARCH_USER_PATHS = NO;
				CLANG_ANALYZER_NONNULL = YES;
				CLANG_ANALYZER_NUMBER_OBJECT_CONVERSION = YES_AGGRESSIVE;
				CLANG_CXX_LANGUAGE_STANDARD = "gnu++14";
				CLANG_CXX_LIBRARY = "libc++";
				CLANG_ENABLE_MODULES = YES;
				CLANG_ENABLE_OBJC_ARC = YES;
				CLANG_WARN_BLOCK_CAPTURE_AUTORELEASING = YES;
				CLANG_WARN_BOOL_CONVERSION = YES;
				CLANG_WARN_COMMA = YES;
				CLANG_WARN_CONSTANT_CONVERSION = YES;
				CLANG_WARN_DIRECT_OBJC_ISA_USAGE = YES_ERROR;
				CLANG_WARN_DOCUMENTATION_COMMENTS = YES;
				CLANG_WARN_EMPTY_BODY = YES;
				CLANG_WARN_ENUM_CONVERSION = YES;
				CLANG_WARN_INFINITE_RECURSION = YES;
				CLANG_WARN_INT_CONVERSION = YES;
				CLANG_WARN_NON_LITERAL_NULL_CONVERSION = YES;
				CLANG_WARN_OBJC_LITERAL_CONVERSION = YES;
				CLANG_WARN_OBJC_ROOT_CLASS = YES_ERROR;
				CLANG_WARN_RANGE_LOOP_ANALYSIS = YES;
				CLANG_WARN_STRICT_PROTOTYPES = YES;
				CLANG_WARN_SUSPICIOUS_MOVE = YES;
				CLANG_WARN_UNGUARDED_AVAILABILITY = YES_AGGRESSIVE;
				CLANG_WARN_UNREACHABLE_CODE = YES;
				CLANG_WARN__DUPLICATE_METHOD_MATCH = YES;
				CODE_SIGN_IDENTITY = "iPhone Developer";
				COPY_PHASE_STRIP = NO;
				DEBUG_INFORMATION_FORMAT = "dwarf-with-dsym";
				ENABLE_NS_ASSERTIONS = NO;
				ENABLE_STRICT_OBJC_MSGSEND = YES;
				GCC_C_LANGUAGE_STANDARD = gnu11;
				GCC_NO_COMMON_BLOCKS = YES;
				GCC_WARN_64_TO_32_BIT_CONVERSION = YES;
				GCC_WARN_ABOUT_RETURN_TYPE = YES_ERROR;
				GCC_WARN_UNDECLARED_SELECTOR = YES;
				GCC_WARN_UNINITIALIZED_AUTOS = YES_AGGRESSIVE;
				GCC_WARN_UNUSED_FUNCTION = YES;
				GCC_WARN_UNUSED_VARIABLE = YES;
				IPHONEOS_DEPLOYMENT_TARGET = 11.0;
				MTL_ENABLE_DEBUG_INFO = NO;
				SDKROOT = iphoneos;
				VALIDATE_PRODUCT = YES;
			};
			name = Release;
		};
		8B7EDADD1F691CD60016DECB /* Debug */ = {
			isa = XCBuildConfiguration;
			buildSettings = {
				ASSETCATALOG_COMPILER_APPICON_NAME = AppIcon;
				CODE_SIGN_STYLE = Automatic;
				INFOPLIST_FILE = iphoneXDemo/Info.plist;
				LD_RUNPATH_SEARCH_PATHS = "$(inherited) @executable_path/Frameworks";
				PRODUCT_BUNDLE_IDENTIFIER = tennyxu.iphoneXDemo;
				PRODUCT_NAME = "$(TARGET_NAME)";
				TARGETED_DEVICE_FAMILY = "1,2";
			};
			name = Debug;
		};
		8B7EDADE1F691CD60016DECB /* Release */ = {
			isa = XCBuildConfiguration;
			buildSettings = {
				ASSETCATALOG_COMPILER_APPICON_NAME = AppIcon;
				CODE_SIGN_STYLE = Automatic;
				INFOPLIST_FILE = iphoneXDemo/Info.plist;
				LD_RUNPATH_SEARCH_PATHS = "$(inherited) @executable_path/Frameworks";
				PRODUCT_BUNDLE_IDENTIFIER = tennyxu.iphoneXDemo;
				PRODUCT_NAME = "$(TARGET_NAME)";
				TARGETED_DEVICE_FAMILY = "1,2";
			};
			name = Release;
		};
/* End XCBuildConfiguration section */

/* Begin XCConfigurationList section */
		8B7EDAC11F691CD60016DECB /* Build configuration list for PBXProject "iphoneXDemo" */ = {
			isa = XCConfigurationList;
			buildConfigurations = (
				8B7EDADA1F691CD60016DECB /* Debug */,
				8B7EDADB1F691CD60016DECB /* Release */,
			);
			defaultConfigurationIsVisible = 0;
			defaultConfigurationName = Release;
		};
		8B7EDADC1F691CD60016DECB /* Build configuration list for PBXNativeTarget "iphoneXDemo" */ = {
			isa = XCConfigurationList;
			buildConfigurations = (
				8B7EDADD1F691CD60016DECB /* Debug */,
				8B7EDADE1F691CD60016DECB /* Release */,
			);
			defaultConfigurationIsVisible = 0;
			defaultConfigurationName = Release;
		};
/* End XCConfigurationList section */
	};
	rootObject = 8B7EDABE1F691CD60016DECB /* Project object */;
}
