// !$*UTF8*$!
{
	archiveVersion = 1;
	classes = {
	};
	objectVersion = 46;
	objects = {

/* Begin PBXBuildFile section */
		8B8DFA901F5D5C58008C0028 /* main.m in Sources */ = {isa = PBXBuildFile; fileRef = 8B8DFA8F1F5D5C58008C0028 /* main.m */; };
		8B8DFA931F5D5C58008C0028 /* AppDelegate.m in Sources */ = {isa = PBXBuildFile; fileRef = 8B8DFA921F5D5C58008C0028 /* AppDelegate.m */; };
		8B8DFA961F5D5C58008C0028 /* ViewController.m in Sources */ = {isa = PBXBuildFile; fileRef = 8B8DFA951F5D5C58008C0028 /* ViewController.m */; };
		8B8DFA991F5D5C58008C0028 /* Main.storyboard in Resources */ = {isa = PBXBuildFile; fileRef = 8B8DFA971F5D5C58008C0028 /* Main.storyboard */; };
		8B8DFA9B1F5D5C58008C0028 /* Assets.xcassets in Resources */ = {isa = PBXBuildFile; fileRef = 8B8DFA9A1F5D5C58008C0028 /* Assets.xcassets */; };
		8B8DFA9E1F5D5C58008C0028 /* LaunchScreen.storyboard in Resources */ = {isa = PBXBuildFile; fileRef = 8B8DFA9C1F5D5C58008C0028 /* LaunchScreen.storyboard */; };
		8B8DFAA91F5D5C58008C0028 /* DebuggerDanceTests.m in Sources */ = {isa = PBXBuildFile; fileRef = 8B8DFAA81F5D5C58008C0028 /* DebuggerDanceTests.m */; };
		8B8DFAB41F5D5C58008C0028 /* DebuggerDanceUITests.m in Sources */ = {isa = PBXBuildFile; fileRef = 8B8DFAB31F5D5C58008C0028 /* DebuggerDanceUITests.m */; };
/* End PBXBuildFile section */

/* Begin PBXContainerItemProxy section */
		8B8DFAA51F5D5C58008C0028 /* PBXContainerItemProxy */ = {
			isa = PBXContainerItemProxy;
			containerPortal = 8B8DFA831F5D5C58008C0028 /* Project object */;
			proxyType = 1;
			remoteGlobalIDString = 8B8DFA8A1F5D5C58008C0028;
			remoteInfo = DebuggerDance;
		};
		8B8DFAB01F5D5C58008C0028 /* PBXContainerItemProxy */ = {
			isa = PBXContainerItemProxy;
			containerPortal = 8B8DFA831F5D5C58008C0028 /* Project object */;
			proxyType = 1;
			remoteGlobalIDString = 8B8DFA8A1F5D5C58008C0028;
			remoteInfo = DebuggerDance;
		};
/* End PBXContainerItemProxy section */

/* Begin PBXFileReference section */
		8B8DFA8B1F5D5C58008C0028 /* DebuggerDance.app */ = {isa = PBXFileReference; explicitFileType = wrapper.application; includeInIndex = 0; path = DebuggerDance.app; sourceTree = BUILT_PRODUCTS_DIR; };
		8B8DFA8F1F5D5C58008C0028 /* main.m */ = {isa = PBXFileReference; lastKnownFileType = sourcecode.c.objc; path = main.m; sourceTree = "<group>"; };
		8B8DFA911F5D5C58008C0028 /* AppDelegate.h */ = {isa = PBXFileReference; lastKnownFileType = sourcecode.c.h; path = AppDelegate.h; sourceTree = "<group>"; };
		8B8DFA921F5D5C58008C0028 /* AppDelegate.m */ = {isa = PBXFileReference; lastKnownFileType = sourcecode.c.objc; path = AppDelegate.m; sourceTree = "<group>"; };
		8B8DFA941F5D5C58008C0028 /* ViewController.h */ = {isa = PBXFileReference; lastKnownFileType = sourcecode.c.h; path = ViewController.h; sourceTree = "<group>"; };
		8B8DFA951F5D5C58008C0028 /* ViewController.m */ = {isa = PBXFileReference; lastKnownFileType = sourcecode.c.objc; path = ViewController.m; sourceTree = "<group>"; };
		8B8DFA981F5D5C58008C0028 /* Base */ = {isa = PBXFileReference; lastKnownFileType = file.storyboard; name = Base; path = Base.lproj/Main.storyboard; sourceTree = "<group>"; };
		8B8DFA9A1F5D5C58008C0028 /* Assets.xcassets */ = {isa = PBXFileReference; lastKnownFileType = folder.assetcatalog; path = Assets.xcassets; sourceTree = "<group>"; };
		8B8DFA9D1F5D5C58008C0028 /* Base */ = {isa = PBXFileReference; lastKnownFileType = file.storyboard; name = Base; path = Base.lproj/LaunchScreen.storyboard; sourceTree = "<group>"; };
		8B8DFA9F1F5D5C58008C0028 /* Info.plist */ = {isa = PBXFileReference; lastKnownFileType = text.plist.xml; path = Info.plist; sourceTree = "<group>"; };
		8B8DFAA41F5D5C58008C0028 /* DebuggerDanceTests.xctest */ = {isa = PBXFileReference; explicitFileType = wrapper.cfbundle; includeInIndex = 0; path = DebuggerDanceTests.xctest; sourceTree = BUILT_PRODUCTS_DIR; };
		8B8DFAA81F5D5C58008C0028 /* DebuggerDanceTests.m */ = {isa = PBXFileReference; lastKnownFileType = sourcecode.c.objc; path = DebuggerDanceTests.m; sourceTree = "<group>"; };
		8B8DFAAA1F5D5C58008C0028 /* Info.plist */ = {isa = PBXFileReference; lastKnownFileType = text.plist.xml; path = Info.plist; sourceTree = "<group>"; };
		8B8DFAAF1F5D5C58008C0028 /* DebuggerDanceUITests.xctest */ = {isa = PBXFileReference; explicitFileType = wrapper.cfbundle; includeInIndex = 0; path = DebuggerDanceUITests.xctest; sourceTree = BUILT_PRODUCTS_DIR; };
		8B8DFAB31F5D5C58008C0028 /* DebuggerDanceUITests.m */ = {isa = PBXFileReference; lastKnownFileType = sourcecode.c.objc; path = DebuggerDanceUITests.m; sourceTree = "<group>"; };
		8B8DFAB51F5D5C58008C0028 /* Info.plist */ = {isa = PBXFileReference; lastKnownFileType = text.plist.xml; path = Info.plist; sourceTree = "<group>"; };
/* End PBXFileReference section */

/* Begin PBXFrameworksBuildPhase section */
		8B8DFA881F5D5C58008C0028 /* Frameworks */ = {
			isa = PBXFrameworksBuildPhase;
			buildActionMask = 2147483647;
			files = (
			);
			runOnlyForDeploymentPostprocessing = 0;
		};
		8B8DFAA11F5D5C58008C0028 /* Frameworks */ = {
			isa = PBXFrameworksBuildPhase;
			buildActionMask = 2147483647;
			files = (
			);
			runOnlyForDeploymentPostprocessing = 0;
		};
		8B8DFAAC1F5D5C58008C0028 /* Frameworks */ = {
			isa = PBXFrameworksBuildPhase;
			buildActionMask = 2147483647;
			files = (
			);
			runOnlyForDeploymentPostprocessing = 0;
		};
/* End PBXFrameworksBuildPhase section */

/* Begin PBXGroup section */
		8B8DFA821F5D5C58008C0028 = {
			isa = PBXGroup;
			children = (
				8B8DFA8D1F5D5C58008C0028 /* DebuggerDance */,
				8B8DFAA71F5D5C58008C0028 /* DebuggerDanceTests */,
				8B8DFAB21F5D5C58008C0028 /* DebuggerDanceUITests */,
				8B8DFA8C1F5D5C58008C0028 /* Products */,
			);
			sourceTree = "<group>";
		};
		8B8DFA8C1F5D5C58008C0028 /* Products */ = {
			isa = PBXGroup;
			children = (
				8B8DFA8B1F5D5C58008C0028 /* DebuggerDance.app */,
				8B8DFAA41F5D5C58008C0028 /* DebuggerDanceTests.xctest */,
				8B8DFAAF1F5D5C58008C0028 /* DebuggerDanceUITests.xctest */,
			);
			name = Products;
			sourceTree = "<group>";
		};
		8B8DFA8D1F5D5C58008C0028 /* DebuggerDance */ = {
			isa = PBXGroup;
			children = (
				8B8DFA911F5D5C58008C0028 /* AppDelegate.h */,
				8B8DFA921F5D5C58008C0028 /* AppDelegate.m */,
				8B8DFA941F5D5C58008C0028 /* ViewController.h */,
				8B8DFA951F5D5C58008C0028 /* ViewController.m */,
				8B8DFA971F5D5C58008C0028 /* Main.storyboard */,
				8B8DFA9A1F5D5C58008C0028 /* Assets.xcassets */,
				8B8DFA9C1F5D5C58008C0028 /* LaunchScreen.storyboard */,
				8B8DFA9F1F5D5C58008C0028 /* Info.plist */,
				8B8DFA8E1F5D5C58008C0028 /* Supporting Files */,
			);
			path = DebuggerDance;
			sourceTree = "<group>";
		};
		8B8DFA8E1F5D5C58008C0028 /* Supporting Files */ = {
			isa = PBXGroup;
			children = (
				8B8DFA8F1F5D5C58008C0028 /* main.m */,
			);
			name = "Supporting Files";
			sourceTree = "<group>";
		};
		8B8DFAA71F5D5C58008C0028 /* DebuggerDanceTests */ = {
			isa = PBXGroup;
			children = (
				8B8DFAA81F5D5C58008C0028 /* DebuggerDanceTests.m */,
				8B8DFAAA1F5D5C58008C0028 /* Info.plist */,
			);
			path = DebuggerDanceTests;
			sourceTree = "<group>";
		};
		8B8DFAB21F5D5C58008C0028 /* DebuggerDanceUITests */ = {
			isa = PBXGroup;
			children = (
				8B8DFAB31F5D5C58008C0028 /* DebuggerDanceUITests.m */,
				8B8DFAB51F5D5C58008C0028 /* Info.plist */,
			);
			path = DebuggerDanceUITests;
			sourceTree = "<group>";
		};
/* End PBXGroup section */

/* Begin PBXNativeTarget section */
		8B8DFA8A1F5D5C58008C0028 /* DebuggerDance */ = {
			isa = PBXNativeTarget;
			buildConfigurationList = 8B8DFAB81F5D5C58008C0028 /* Build configuration list for PBXNativeTarget "DebuggerDance" */;
			buildPhases = (
				8B8DFA871F5D5C58008C0028 /* Sources */,
				8B8DFA881F5D5C58008C0028 /* Frameworks */,
				8B8DFA891F5D5C58008C0028 /* Resources */,
			);
			buildRules = (
			);
			dependencies = (
			);
			name = DebuggerDance;
			productName = DebuggerDance;
			productReference = 8B8DFA8B1F5D5C58008C0028 /* DebuggerDance.app */;
			productType = "com.apple.product-type.application";
		};
		8B8DFAA31F5D5C58008C0028 /* DebuggerDanceTests */ = {
			isa = PBXNativeTarget;
			buildConfigurationList = 8B8DFABB1F5D5C58008C0028 /* Build configuration list for PBXNativeTarget "DebuggerDanceTests" */;
			buildPhases = (
				8B8DFAA01F5D5C58008C0028 /* Sources */,
				8B8DFAA11F5D5C58008C0028 /* Frameworks */,
				8B8DFAA21F5D5C58008C0028 /* Resources */,
			);
			buildRules = (
			);
			dependencies = (
				8B8DFAA61F5D5C58008C0028 /* PBXTargetDependency */,
			);
			name = DebuggerDanceTests;
			productName = DebuggerDanceTests;
			productReference = 8B8DFAA41F5D5C58008C0028 /* DebuggerDanceTests.xctest */;
			productType = "com.apple.product-type.bundle.unit-test";
		};
		8B8DFAAE1F5D5C58008C0028 /* DebuggerDanceUITests */ = {
			isa = PBXNativeTarget;
			buildConfigurationList = 8B8DFABE1F5D5C58008C0028 /* Build configuration list for PBXNativeTarget "DebuggerDanceUITests" */;
			buildPhases = (
				8B8DFAAB1F5D5C58008C0028 /* Sources */,
				8B8DFAAC1F5D5C58008C0028 /* Frameworks */,
				8B8DFAAD1F5D5C58008C0028 /* Resources */,
			);
			buildRules = (
			);
			dependencies = (
				8B8DFAB11F5D5C58008C0028 /* PBXTargetDependency */,
			);
			name = DebuggerDanceUITests;
			productName = DebuggerDanceUITests;
			productReference = 8B8DFAAF1F5D5C58008C0028 /* DebuggerDanceUITests.xctest */;
			productType = "com.apple.product-type.bundle.ui-testing";
		};
/* End PBXNativeTarget section */

/* Begin PBXProject section */
		8B8DFA831F5D5C58008C0028 /* Project object */ = {
			isa = PBXProject;
			attributes = {
				LastUpgradeCheck = 0830;
				ORGANIZATIONNAME = tennyxu;
				TargetAttributes = {
					8B8DFA8A1F5D5C58008C0028 = {
						CreatedOnToolsVersion = 8.3.3;
						ProvisioningStyle = Automatic;
					};
					8B8DFAA31F5D5C58008C0028 = {
						CreatedOnToolsVersion = 8.3.3;
						ProvisioningStyle = Automatic;
						TestTargetID = 8B8DFA8A1F5D5C58008C0028;
					};
					8B8DFAAE1F5D5C58008C0028 = {
						CreatedOnToolsVersion = 8.3.3;
						ProvisioningStyle = Automatic;
						TestTargetID = 8B8DFA8A1F5D5C58008C0028;
					};
				};
			};
			buildConfigurationList = 8B8DFA861F5D5C58008C0028 /* Build configuration list for PBXProject "DebuggerDance" */;
			compatibilityVersion = "Xcode 3.2";
			developmentRegion = English;
			hasScannedForEncodings = 0;
			knownRegions = (
				en,
				Base,
			);
			mainGroup = 8B8DFA821F5D5C58008C0028;
			productRefGroup = 8B8DFA8C1F5D5C58008C0028 /* Products */;
			projectDirPath = "";
			projectRoot = "";
			targets = (
				8B8DFA8A1F5D5C58008C0028 /* DebuggerDance */,
				8B8DFAA31F5D5C58008C0028 /* DebuggerDanceTests */,
				8B8DFAAE1F5D5C58008C0028 /* DebuggerDanceUITests */,
			);
		};
/* End PBXProject section */

/* Begin PBXResourcesBuildPhase section */
		8B8DFA891F5D5C58008C0028 /* Resources */ = {
			isa = PBXResourcesBuildPhase;
			buildActionMask = 2147483647;
			files = (
				8B8DFA9E1F5D5C58008C0028 /* LaunchScreen.storyboard in Resources */,
				8B8DFA9B1F5D5C58008C0028 /* Assets.xcassets in Resources */,
				8B8DFA991F5D5C58008C0028 /* Main.storyboard in Resources */,
			);
			runOnlyForDeploymentPostprocessing = 0;
		};
		8B8DFAA21F5D5C58008C0028 /* Resources */ = {
			isa = PBXResourcesBuildPhase;
			buildActionMask = 2147483647;
			files = (
			);
			runOnlyForDeploymentPostprocessing = 0;
		};
		8B8DFAAD1F5D5C58008C0028 /* Resources */ = {
			isa = PBXResourcesBuildPhase;
			buildActionMask = 2147483647;
			files = (
			);
			runOnlyForDeploymentPostprocessing = 0;
		};
/* End PBXResourcesBuildPhase section */

/* Begin PBXSourcesBuildPhase section */
		8B8DFA871F5D5C58008C0028 /* Sources */ = {
			isa = PBXSourcesBuildPhase;
			buildActionMask = 2147483647;
			files = (
				8B8DFA961F5D5C58008C0028 /* ViewController.m in Sources */,
				8B8DFA931F5D5C58008C0028 /* AppDelegate.m in Sources */,
				8B8DFA901F5D5C58008C0028 /* main.m in Sources */,
			);
			runOnlyForDeploymentPostprocessing = 0;
		};
		8B8DFAA01F5D5C58008C0028 /* Sources */ = {
			isa = PBXSourcesBuildPhase;
			buildActionMask = 2147483647;
			files = (
				8B8DFAA91F5D5C58008C0028 /* DebuggerDanceTests.m in Sources */,
			);
			runOnlyForDeploymentPostprocessing = 0;
		};
		8B8DFAAB1F5D5C58008C0028 /* Sources */ = {
			isa = PBXSourcesBuildPhase;
			buildActionMask = 2147483647;
			files = (
				8B8DFAB41F5D5C58008C0028 /* DebuggerDanceUITests.m in Sources */,
			);
			runOnlyForDeploymentPostprocessing = 0;
		};
/* End PBXSourcesBuildPhase section */

/* Begin PBXTargetDependency section */
		8B8DFAA61F5D5C58008C0028 /* PBXTargetDependency */ = {
			isa = PBXTargetDependency;
			target = 8B8DFA8A1F5D5C58008C0028 /* DebuggerDance */;
			targetProxy = 8B8DFAA51F5D5C58008C0028 /* PBXContainerItemProxy */;
		};
		8B8DFAB11F5D5C58008C0028 /* PBXTargetDependency */ = {
			isa = PBXTargetDependency;
			target = 8B8DFA8A1F5D5C58008C0028 /* DebuggerDance */;
			targetProxy = 8B8DFAB01F5D5C58008C0028 /* PBXContainerItemProxy */;
		};
/* End PBXTargetDependency section */

/* Begin PBXVariantGroup section */
		8B8DFA971F5D5C58008C0028 /* Main.storyboard */ = {
			isa = PBXVariantGroup;
			children = (
				8B8DFA981F5D5C58008C0028 /* Base */,
			);
			name = Main.storyboard;
			sourceTree = "<group>";
		};
		8B8DFA9C1F5D5C58008C0028 /* LaunchScreen.storyboard */ = {
			isa = PBXVariantGroup;
			children = (
				8B8DFA9D1F5D5C58008C0028 /* Base */,
			);
			name = LaunchScreen.storyboard;
			sourceTree = "<group>";
		};
/* End PBXVariantGroup section */

/* Begin XCBuildConfiguration section */
		8B8DFAB61F5D5C58008C0028 /* Debug */ = {
			isa = XCBuildConfiguration;
			buildSettings = {
				ALWAYS_SEARCH_USER_PATHS = NO;
				CLANG_ANALYZER_NONNULL = YES;
				CLANG_ANALYZER_NUMBER_OBJECT_CONVERSION = YES_AGGRESSIVE;
				CLANG_CXX_LANGUAGE_STANDARD = "gnu++0x";
				CLANG_CXX_LIBRARY = "libc++";
				CLANG_ENABLE_MODULES = YES;
				CLANG_ENABLE_OBJC_ARC = YES;
				CLANG_WARN_BOOL_CONVERSION = YES;
				CLANG_WARN_CONSTANT_CONVERSION = YES;
				CLANG_WARN_DIRECT_OBJC_ISA_USAGE = YES_ERROR;
				CLANG_WARN_DOCUMENTATION_COMMENTS = YES;
				CLANG_WARN_EMPTY_BODY = YES;
				CLANG_WARN_ENUM_CONVERSION = YES;
				CLANG_WARN_INFINITE_RECURSION = YES;
				CLANG_WARN_INT_CONVERSION = YES;
				CLANG_WARN_OBJC_ROOT_CLASS = YES_ERROR;
				CLANG_WARN_SUSPICIOUS_MOVE = YES;
				CLANG_WARN_UNREACHABLE_CODE = YES;
				CLANG_WARN__DUPLICATE_METHOD_MATCH = YES;
				"CODE_SIGN_IDENTITY[sdk=iphoneos*]" = "iPhone Developer";
				COPY_PHASE_STRIP = NO;
				DEBUG_INFORMATION_FORMAT = dwarf;
				ENABLE_STRICT_OBJC_MSGSEND = YES;
				ENABLE_TESTABILITY = YES;
				GCC_C_LANGUAGE_STANDARD = gnu99;
				GCC_DYNAMIC_NO_PIC = NO;
				GCC_NO_COMMON_BLOCKS = YES;
				GCC_OPTIMIZATION_LEVEL = 0;
				GCC_PREPROCESSOR_DEFINITIONS = (
					"DEBUG=1",
					"$(inherited)",
				);
				GCC_WARN_64_TO_32_BIT_CONVERSION = YES;
				GCC_WARN_ABOUT_RETURN_TYPE = YES_ERROR;
				GCC_WARN_UNDECLARED_SELECTOR = YES;
				GCC_WARN_UNINITIALIZED_AUTOS = YES_AGGRESSIVE;
				GCC_WARN_UNUSED_FUNCTION = YES;
				GCC_WARN_UNUSED_VARIABLE = YES;
				IPHONEOS_DEPLOYMENT_TARGET = 10.3;
				MTL_ENABLE_DEBUG_INFO = YES;
				ONLY_ACTIVE_ARCH = YES;
				SDKROOT = iphoneos;
			};
			name = Debug;
		};
		8B8DFAB71F5D5C58008C0028 /* Release */ = {
			isa = XCBuildConfiguration;
			buildSettings = {
				ALWAYS_SEARCH_USER_PATHS = NO;
				CLANG_ANALYZER_NONNULL = YES;
				CLANG_ANALYZER_NUMBER_OBJECT_CONVERSION = YES_AGGRESSIVE;
				CLANG_CXX_LANGUAGE_STANDARD = "gnu++0x";
				CLANG_CXX_LIBRARY = "libc++";
				CLANG_ENABLE_MODULES = YES;
				CLANG_ENABLE_OBJC_ARC = YES;
				CLANG_WARN_BOOL_CONVERSION = YES;
				CLANG_WARN_CONSTANT_CONVERSION = YES;
				CLANG_WARN_DIRECT_OBJC_ISA_USAGE = YES_ERROR;
				CLANG_WARN_DOCUMENTATION_COMMENTS = YES;
				CLANG_WARN_EMPTY_BODY = YES;
				CLANG_WARN_ENUM_CONVERSION = YES;
				CLANG_WARN_INFINITE_RECURSION = YES;
				CLANG_WARN_INT_CONVERSION = YES;
				CLANG_WARN_OBJC_ROOT_CLASS = YES_ERROR;
				CLANG_WARN_SUSPICIOUS_MOVE = YES;
				CLANG_WARN_UNREACHABLE_CODE = YES;
				CLANG_WARN__DUPLICATE_METHOD_MATCH = YES;
				"CODE_SIGN_IDENTITY[sdk=iphoneos*]" = "iPhone Developer";
				COPY_PHASE_STRIP = NO;
				DEBUG_INFORMATION_FORMAT = "dwarf-with-dsym";
				ENABLE_NS_ASSERTIONS = NO;
				ENABLE_STRICT_OBJC_MSGSEND = YES;
				GCC_C_LANGUAGE_STANDARD = gnu99;
				GCC_NO_COMMON_BLOCKS = YES;
				GCC_WARN_64_TO_32_BIT_CONVERSION = YES;
				GCC_WARN_ABOUT_RETURN_TYPE = YES_ERROR;
				GCC_WARN_UNDECLARED_SELECTOR = YES;
				GCC_WARN_UNINITIALIZED_AUTOS = YES_AGGRESSIVE;
				GCC_WARN_UNUSED_FUNCTION = YES;
				GCC_WARN_UNUSED_VARIABLE = YES;
				IPHONEOS_DEPLOYMENT_TARGET = 10.3;
				MTL_ENABLE_DEBUG_INFO = NO;
				SDKROOT = iphoneos;
				VALIDATE_PRODUCT = YES;
			};
			name = Release;
		};
		8B8DFAB91F5D5C58008C0028 /* Debug */ = {
			isa = XCBuildConfiguration;
			buildSettings = {
				ASSETCATALOG_COMPILER_APPICON_NAME = AppIcon;
				INFOPLIST_FILE = DebuggerDance/Info.plist;
				LD_RUNPATH_SEARCH_PATHS = "$(inherited) @executable_path/Frameworks";
				PRODUCT_BUNDLE_IDENTIFIER = tennyxu.DebuggerDance;
				PRODUCT_NAME = "$(TARGET_NAME)";
			};
			name = Debug;
		};
		8B8DFABA1F5D5C58008C0028 /* Release */ = {
			isa = XCBuildConfiguration;
			buildSettings = {
				ASSETCATALOG_COMPILER_APPICON_NAME = AppIcon;
				INFOPLIST_FILE = DebuggerDance/Info.plist;
				LD_RUNPATH_SEARCH_PATHS = "$(inherited) @executable_path/Frameworks";
				PRODUCT_BUNDLE_IDENTIFIER = tennyxu.DebuggerDance;
				PRODUCT_NAME = "$(TARGET_NAME)";
			};
			name = Release;
		};
		8B8DFABC1F5D5C58008C0028 /* Debug */ = {
			isa = XCBuildConfiguration;
			buildSettings = {
				BUNDLE_LOADER = "$(TEST_HOST)";
				INFOPLIST_FILE = DebuggerDanceTests/Info.plist;
				LD_RUNPATH_SEARCH_PATHS = "$(inherited) @executable_path/Frameworks @loader_path/Frameworks";
				PRODUCT_BUNDLE_IDENTIFIER = tennyxu.DebuggerDanceTests;
				PRODUCT_NAME = "$(TARGET_NAME)";
				TEST_HOST = "$(BUILT_PRODUCTS_DIR)/DebuggerDance.app/DebuggerDance";
			};
			name = Debug;
		};
		8B8DFABD1F5D5C58008C0028 /* Release */ = {
			isa = XCBuildConfiguration;
			buildSettings = {
				BUNDLE_LOADER = "$(TEST_HOST)";
				INFOPLIST_FILE = DebuggerDanceTests/Info.plist;
				LD_RUNPATH_SEARCH_PATHS = "$(inherited) @executable_path/Frameworks @loader_path/Frameworks";
				PRODUCT_BUNDLE_IDENTIFIER = tennyxu.DebuggerDanceTests;
				PRODUCT_NAME = "$(TARGET_NAME)";
				TEST_HOST = "$(BUILT_PRODUCTS_DIR)/DebuggerDance.app/DebuggerDance";
			};
			name = Release;
		};
		8B8DFABF1F5D5C58008C0028 /* Debug */ = {
			isa = XCBuildConfiguration;
			buildSettings = {
				INFOPLIST_FILE = DebuggerDanceUITests/Info.plist;
				LD_RUNPATH_SEARCH_PATHS = "$(inherited) @executable_path/Frameworks @loader_path/Frameworks";
				PRODUCT_BUNDLE_IDENTIFIER = tennyxu.DebuggerDanceUITests;
				PRODUCT_NAME = "$(TARGET_NAME)";
				TEST_TARGET_NAME = DebuggerDance;
			};
			name = Debug;
		};
		8B8DFAC01F5D5C58008C0028 /* Release */ = {
			isa = XCBuildConfiguration;
			buildSettings = {
				INFOPLIST_FILE = DebuggerDanceUITests/Info.plist;
				LD_RUNPATH_SEARCH_PATHS = "$(inherited) @executable_path/Frameworks @loader_path/Frameworks";
				PRODUCT_BUNDLE_IDENTIFIER = tennyxu.DebuggerDanceUITests;
				PRODUCT_NAME = "$(TARGET_NAME)";
				TEST_TARGET_NAME = DebuggerDance;
			};
			name = Release;
		};
/* End XCBuildConfiguration section */

/* Begin XCConfigurationList section */
		8B8DFA861F5D5C58008C0028 /* Build configuration list for PBXProject "DebuggerDance" */ = {
			isa = XCConfigurationList;
			buildConfigurations = (
				8B8DFAB61F5D5C58008C0028 /* Debug */,
				8B8DFAB71F5D5C58008C0028 /* Release */,
			);
			defaultConfigurationIsVisible = 0;
			defaultConfigurationName = Release;
		};
		8B8DFAB81F5D5C58008C0028 /* Build configuration list for PBXNativeTarget "DebuggerDance" */ = {
			isa = XCConfigurationList;
			buildConfigurations = (
				8B8DFAB91F5D5C58008C0028 /* Debug */,
				8B8DFABA1F5D5C58008C0028 /* Release */,
			);
			defaultConfigurationIsVisible = 0;
		};
		8B8DFABB1F5D5C58008C0028 /* Build configuration list for PBXNativeTarget "DebuggerDanceTests" */ = {
			isa = XCConfigurationList;
			buildConfigurations = (
				8B8DFABC1F5D5C58008C0028 /* Debug */,
				8B8DFABD1F5D5C58008C0028 /* Release */,
			);
			defaultConfigurationIsVisible = 0;
		};
		8B8DFABE1F5D5C58008C0028 /* Build configuration list for PBXNativeTarget "DebuggerDanceUITests" */ = {
			isa = XCConfigurationList;
			buildConfigurations = (
				8B8DFABF1F5D5C58008C0028 /* Debug */,
				8B8DFAC01F5D5C58008C0028 /* Release */,
			);
			defaultConfigurationIsVisible = 0;
		};
/* End XCConfigurationList section */
	};
	rootObject = 8B8DFA831F5D5C58008C0028 /* Project object */;
}
